{
  "name": "wdeck",
  "version": "0.7.1",
  "lockfileVersion": 3,
  "requires": true,
  "packages": {
    "": {
      "name": "wdeck",
      "version": "0.7.1",
      "license": "MIT",
      "bin": {
        "wdeck": "bin/wdeck.mjs"
      },
      "devDependencies": {},
      "engines": {
        "node": ">=20.10.0"
      }
    }
  }
}
